
Microsoft Visual Studio Solution File, Format Version 12.00
# Visual Studio Version 17
VisualStudioVersion = 17.9.34607.119
MinimumVisualStudioVersion = 10.0.40219.1
Project("{9A19103F-16F7-4668-BE54-9A1E7A4F7556}") = "HelloMvs", "HelloMvs\HelloMvs.csproj", "{23397F58-8B00-4C38-AF9D-BCE621C52B79}"
EndProject
Project("{FAE04EC0-301F-11D3-BF4B-00C04F79EFBC}") = "DIapp", "DIapp\DIapp.csproj", "{7B5C4406-3A4B-4658-BC02-02D82EEA1A89}"
EndProject
Global
	GlobalSection(SolutionConfigurationPlatforms) = preSolution
		Debug|Any CPU = Debug|Any CPU
		Release|Any CPU = Release|Any CPU
	EndGlobalSection
	GlobalSection(ProjectConfigurationPlatforms) = postSolution
		{23397F58-8B00-4C38-AF9D-BCE621C52B79}.Debug|Any CPU.ActiveCfg = Debug|Any CPU
		{23397F58-8B00-4C38-AF9D-BCE621C52B79}.Debug|Any CPU.Build.0 = Debug|Any CPU
		{23397F58-8B00-4C38-AF9D-BCE621C52B79}.Release|Any CPU.ActiveCfg = Release|Any CPU
		{23397F58-8B00-4C38-AF9D-BCE621C52B79}.Release|Any CPU.Build.0 = Release|Any CPU
		{7B5C4406-3A4B-4658-BC02-02D82EEA1A89}.Debug|Any CPU.ActiveCfg = Debug|Any CPU
		{7B5C4406-3A4B-4658-BC02-02D82EEA1A89}.Debug|Any CPU.Build.0 = Debug|Any CPU
		{7B5C4406-3A4B-4658-BC02-02D82EEA1A89}.Release|Any CPU.ActiveCfg = Release|Any CPU
		{7B5C4406-3A4B-4658-BC02-02D82EEA1A89}.Release|Any CPU.Build.0 = Release|Any CPU
	EndGlobalSection
	GlobalSection(SolutionProperties) = preSolution
		HideSolutionNode = FALSE
	EndGlobalSection
	GlobalSection(ExtensibilityGlobals) = postSolution
		SolutionGuid = {4A81ED18-BDB6-4E53-A504-36B8C14E325A}
	EndGlobalSection
EndGlobal
